Microsoft Visual Studio Solution File, Format Version 11.00
# Visual Studio 2008

Project("{0E5803DA-F3FB-D1CC-B40F-C0F8536F1CDF}") = "Hungry Jelly", "Assembly-CSharp.csproj", "{5A6DEE1B-E710-09EA-AED8-D19116BDBCF0}"
EndProject
Global
	GlobalSection(SolutionConfigurationPlatforms) = preSolution
		Debug|Any CPU = Debug|Any CPU
		Release|Any CPU = Release|Any CPU
	EndGlobalSection
	GlobalSection(ProjectConfigurationPlatforms) = postSolution
		{5A6DEE1B-E710-09EA-AED8-D19116BDBCF0}.Debug|Any CPU.ActiveCfg = Debug|Any CPU
		{5A6DEE1B-E710-09EA-AED8-D19116BDBCF0}.Debug|Any CPU.Build.0 = Debug|Any CPU
		{5A6DEE1B-E710-09EA-AED8-D19116BDBCF0}.Release|Any CPU.ActiveCfg = Release|Any CPU
		{5A6DEE1B-E710-09EA-AED8-D19116BDBCF0}.Release|Any CPU.Build.0 = Release|Any CPU
	EndGlobalSection
	GlobalSection(SolutionProperties) = preSolution
		HideSolutionNode = FALSE
	EndGlobalSection
	GlobalSection(MonoDevelopProperties) = preSolution
		StartupItem = Assembly-CSharp.csproj
	EndGlobalSection
EndGlobal
